
Microsoft Visual Studio Solution File, Format Version 12.00
# Visual Studio Version 16
VisualStudioVersion = 16.0.29509.3
MinimumVisualStudioVersion = 10.0.40219.1
Project("{FAE04EC0-301F-11D3-BF4B-00C04F79EFBC}") = "ACE", "ACE.csproj", "{2834B5E1-4412-4120-B5CB-90793A60ECFF}"
EndProject
Project("{2150E333-8FDC-42A3-9474-1A3956D46DE8}") = "Solution Items", "Solution Items", "{7FE86915-0854-4BB7-B33E-A77B8B7A50F1}"
EndProject
Global
	GlobalSection(SolutionConfigurationPlatforms) = preSolution
		Debug|Any CPU = Debug|Any CPU
		Release|Any CPU = Release|Any CPU
	EndGlobalSection
	GlobalSection(ProjectConfigurationPlatforms) = postSolution
		{2834B5E1-4412-4120-B5CB-90793A60ECFF}.Debug|Any CPU.ActiveCfg = Debug|Any CPU
		{2834B5E1-4412-4120-B5CB-90793A60ECFF}.Debug|Any CPU.Build.0 = Debug|Any CPU
		{2834B5E1-4412-4120-B5CB-90793A60ECFF}.Release|Any CPU.ActiveCfg = Release|Any CPU
		{2834B5E1-4412-4120-B5CB-90793A60ECFF}.Release|Any CPU.Build.0 = Release|Any CPU
	EndGlobalSection
	GlobalSection(SolutionProperties) = preSolution
		HideSolutionNode = FALSE
	EndGlobalSection
	GlobalSection(ExtensibilityGlobals) = postSolution
		SolutionGuid = {B6523035-B6CC-4635-B7BF-AA9C58E2D85B}
	EndGlobalSection
EndGlobal
